
Microsoft Visual Studio Solution File, Format Version 12.00
# Visual Studio 15
VisualStudioVersion = 15.0.26730.12
MinimumVisualStudioVersion = 10.0.40219.1
Project("{FAE04EC0-301F-11D3-BF4B-00C04F79EFBC}") = "WindowsFormsApp1", "WindowsFormsApp1\WindowsFormsApp1.csproj", "{ED2ACEBC-7792-4B30-89EB-DC9B5F9DF790}"
EndProject
Global
	GlobalSection(SolutionConfigurationPlatforms) = preSolution
		Debug|Any CPU = Debug|Any CPU
		Release|Any CPU = Release|Any CPU
	EndGlobalSection
	GlobalSection(ProjectConfigurationPlatforms) = postSolution
		{ED2ACEBC-7792-4B30-89EB-DC9B5F9DF790}.Debug|Any CPU.ActiveCfg = Debug|Any CPU
		{ED2ACEBC-7792-4B30-89EB-DC9B5F9DF790}.Debug|Any CPU.Build.0 = Debug|Any CPU
		{ED2ACEBC-7792-4B30-89EB-DC9B5F9DF790}.Release|Any CPU.ActiveCfg = Release|Any CPU
		{ED2ACEBC-7792-4B30-89EB-DC9B5F9DF790}.Release|Any CPU.Build.0 = Release|Any CPU
	EndGlobalSection
	GlobalSection(SolutionProperties) = preSolution
		HideSolutionNode = FALSE
	EndGlobalSection
	GlobalSection(ExtensibilityGlobals) = postSolution
		SolutionGuid = {A4A52DFE-A79E-4D1A-93F9-6D5047D032EE}
	EndGlobalSection
EndGlobal
